
Microsoft Visual Studio Solution File, Format Version 12.00
# Visual Studio Version 17
VisualStudioVersion = 17.12.35527.113 d17.12
MinimumVisualStudioVersion = 10.0.40219.1
Project("{FAE04EC0-301F-11D3-BF4B-00C04F79EFBC}") = "without using Asynchronous programming", "without using Asynchronous programming.csproj", "{147D18C5-A4E0-475A-86F9-8B03A9C9EA79}"
EndProject
Global
	GlobalSection(SolutionConfigurationPlatforms) = preSolution
		Debug|Any CPU = Debug|Any CPU
		Release|Any CPU = Release|Any CPU
	EndGlobalSection
	GlobalSection(ProjectConfigurationPlatforms) = postSolution
		{147D18C5-A4E0-475A-86F9-8B03A9C9EA79}.Debug|Any CPU.ActiveCfg = Debug|Any CPU
		{147D18C5-A4E0-475A-86F9-8B03A9C9EA79}.Debug|Any CPU.Build.0 = Debug|Any CPU
		{147D18C5-A4E0-475A-86F9-8B03A9C9EA79}.Release|Any CPU.ActiveCfg = Release|Any CPU
		{147D18C5-A4E0-475A-86F9-8B03A9C9EA79}.Release|Any CPU.Build.0 = Release|Any CPU
	EndGlobalSection
	GlobalSection(SolutionProperties) = preSolution
		HideSolutionNode = FALSE
	EndGlobalSection
EndGlobal
